// !$*UTF8*$!
{
	archiveVersion = 1;
	classes = {
	};
	objectVersion = 56;
	objects = {

/* Begin PBXBuildFile section */
		44DAD5632B7E53D80042073F /* AppDelegate.swift in Sources */ = {isa = PBXBuildFile; fileRef = 44DAD5622B7E53D80042073F /* AppDelegate.swift */; };
		44DAD5652B7E53D80042073F /* SceneDelegate.swift in Sources */ = {isa = PBXBuildFile; fileRef = 44DAD5642B7E53D80042073F /* SceneDelegate.swift */; };
		44DAD56C2B7E53E10042073F /* Assets.xcassets in Resources */ = {isa = PBXBuildFile; fileRef = 44DAD56B2B7E53E10042073F /* Assets.xcassets */; };
		44DAD56F2B7E53E10042073F /* LaunchScreen.storyboard in Resources */ = {isa = PBXBuildFile; fileRef = 44DAD56D2B7E53E10042073F /* LaunchScreen.storyboard */; };
		44DAD57E2B7E56960042073F /* ColorStructure.swift in Sources */ = {isa = PBXBuildFile; fileRef = 44DAD57D2B7E56960042073F /* ColorStructure.swift */; };
		44DAD5872B7E61E90042073F /* CustomCellView.swift in Sources */ = {isa = PBXBuildFile; fileRef = 44DAD5852B7E61E90042073F /* CustomCellView.swift */; };
		44DAD5882B7E61E90042073F /* CustomCellView.xib in Resources */ = {isa = PBXBuildFile; fileRef = 44DAD5862B7E61E90042073F /* CustomCellView.xib */; };
		44DAD58B2B7E65A60042073F /* CityListViewController.swift in Sources */ = {isa = PBXBuildFile; fileRef = 44DAD5892B7E65A60042073F /* CityListViewController.swift */; };
		44DAD58C2B7E65A60042073F /* CityListViewController.xib in Resources */ = {isa = PBXBuildFile; fileRef = 44DAD58A2B7E65A60042073F /* CityListViewController.xib */; };
		44DAD58F2B7E679A0042073F /* CityBriefStructure.swift in Sources */ = {isa = PBXBuildFile; fileRef = 44DAD58E2B7E679A0042073F /* CityBriefStructure.swift */; };
/* End PBXBuildFile section */

/* Begin PBXFileReference section */
		44DAD55F2B7E53D80042073F /* WeatherApp.app */ = {isa = PBXFileReference; explicitFileType = wrapper.application; includeInIndex = 0; path = WeatherApp.app; sourceTree = BUILT_PRODUCTS_DIR; };
		44DAD5622B7E53D80042073F /* AppDelegate.swift */ = {isa = PBXFileReference; lastKnownFileType = sourcecode.swift; path = AppDelegate.swift; sourceTree = "<group>"; };
		44DAD5642B7E53D80042073F /* SceneDelegate.swift */ = {isa = PBXFileReference; lastKnownFileType = sourcecode.swift; path = SceneDelegate.swift; sourceTree = "<group>"; };
		44DAD56B2B7E53E10042073F /* Assets.xcassets */ = {isa = PBXFileReference; lastKnownFileType = folder.assetcatalog; path = Assets.xcassets; sourceTree = "<group>"; };
		44DAD56E2B7E53E10042073F /* Base */ = {isa = PBXFileReference; lastKnownFileType = file.storyboard; name = Base; path = Base.lproj/LaunchScreen.storyboard; sourceTree = "<group>"; };
		44DAD5702B7E53E10042073F /* Info.plist */ = {isa = PBXFileReference; lastKnownFileType = text.plist.xml; path = Info.plist; sourceTree = "<group>"; };
		44DAD57D2B7E56960042073F /* ColorStructure.swift */ = {isa = PBXFileReference; lastKnownFileType = sourcecode.swift; path = ColorStructure.swift; sourceTree = "<group>"; };
		44DAD5852B7E61E90042073F /* CustomCellView.swift */ = {isa = PBXFileReference; lastKnownFileType = sourcecode.swift; path = CustomCellView.swift; sourceTree = "<group>"; };
		44DAD5862B7E61E90042073F /* CustomCellView.xib */ = {isa = PBXFileReference; lastKnownFileType = file.xib; path = CustomCellView.xib; sourceTree = "<group>"; };
		44DAD5892B7E65A60042073F /* CityListViewController.swift */ = {isa = PBXFileReference; lastKnownFileType = sourcecode.swift; path = CityListViewController.swift; sourceTree = "<group>"; };
		44DAD58A2B7E65A60042073F /* CityListViewController.xib */ = {isa = PBXFileReference; lastKnownFileType = file.xib; path = CityListViewController.xib; sourceTree = "<group>"; };
		44DAD58E2B7E679A0042073F /* CityBriefStructure.swift */ = {isa = PBXFileReference; lastKnownFileType = sourcecode.swift; path = CityBriefStructure.swift; sourceTree = "<group>"; };
/* End PBXFileReference section */

/* Begin PBXFrameworksBuildPhase section */
		44DAD55C2B7E53D80042073F /* Frameworks */ = {
			isa = PBXFrameworksBuildPhase;
			buildActionMask = 2147483647;
			files = (
			);
			runOnlyForDeploymentPostprocessing = 0;
		};
/* End PBXFrameworksBuildPhase section */

/* Begin PBXGroup section */
		44DAD5562B7E53D80042073F = {
			isa = PBXGroup;
			children = (
				44DAD5612B7E53D80042073F /* WeatherApp */,
				44DAD5602B7E53D80042073F /* Products */,
			);
			sourceTree = "<group>";
		};
		44DAD5602B7E53D80042073F /* Products */ = {
			isa = PBXGroup;
			children = (
				44DAD55F2B7E53D80042073F /* WeatherApp.app */,
			);
			name = Products;
			sourceTree = "<group>";
		};
		44DAD5612B7E53D80042073F /* WeatherApp */ = {
			isa = PBXGroup;
			children = (
				44DAD5762B7E542C0042073F /* Resourses */,
				44DAD5782B7E54680042073F /* Cell */,
				44DAD5772B7E54360042073F /* ViewControllers */,
				44DAD5622B7E53D80042073F /* AppDelegate.swift */,
				44DAD5642B7E53D80042073F /* SceneDelegate.swift */,
				44DAD5702B7E53E10042073F /* Info.plist */,
			);
			path = WeatherApp;
			sourceTree = "<group>";
		};
		44DAD5762B7E542C0042073F /* Resourses */ = {
			isa = PBXGroup;
			children = (
				44DAD56B2B7E53E10042073F /* Assets.xcassets */,
				44DAD56D2B7E53E10042073F /* LaunchScreen.storyboard */,
				44DAD57D2B7E56960042073F /* ColorStructure.swift */,
				44DAD58E2B7E679A0042073F /* CityBriefStructure.swift */,
			);
			path = Resourses;
			sourceTree = "<group>";
		};
		44DAD5772B7E54360042073F /* ViewControllers */ = {
			isa = PBXGroup;
			children = (
				44DAD5892B7E65A60042073F /* CityListViewController.swift */,
				44DAD58A2B7E65A60042073F /* CityListViewController.xib */,
			);
			path = ViewControllers;
			sourceTree = "<group>";
		};
		44DAD5782B7E54680042073F /* Cell */ = {
			isa = PBXGroup;
			children = (
				44DAD5852B7E61E90042073F /* CustomCellView.swift */,
				44DAD5862B7E61E90042073F /* CustomCellView.xib */,
			);
			path = Cell;
			sourceTree = "<group>";
		};
/* End PBXGroup section */

/* Begin PBXNativeTarget section */
		44DAD55E2B7E53D80042073F /* WeatherApp */ = {
			isa = PBXNativeTarget;
			buildConfigurationList = 44DAD5732B7E53E10042073F /* Build configuration list for PBXNativeTarget "WeatherApp" */;
			buildPhases = (
				44DAD55B2B7E53D80042073F /* Sources */,
				44DAD55C2B7E53D80042073F /* Frameworks */,
				44DAD55D2B7E53D80042073F /* Resources */,
			);
			buildRules = (
			);
			dependencies = (
			);
			name = WeatherApp;
			productName = WeatherApp;
			productReference = 44DAD55F2B7E53D80042073F /* WeatherApp.app */;
			productType = "com.apple.product-type.application";
		};
/* End PBXNativeTarget section */

/* Begin PBXProject section */
		44DAD5572B7E53D80042073F /* Project object */ = {
			isa = PBXProject;
			attributes = {
				BuildIndependentTargetsInParallel = 1;
				LastSwiftUpdateCheck = 1500;
				LastUpgradeCheck = 1500;
				TargetAttributes = {
					44DAD55E2B7E53D80042073F = {
						CreatedOnToolsVersion = 15.0.1;
					};
				};
			};
			buildConfigurationList = 44DAD55A2B7E53D80042073F /* Build configuration list for PBXProject "WeatherApp" */;
			compatibilityVersion = "Xcode 14.0";
			developmentRegion = en;
			hasScannedForEncodings = 0;
			knownRegions = (
				en,
				Base,
			);
			mainGroup = 44DAD5562B7E53D80042073F;
			productRefGroup = 44DAD5602B7E53D80042073F /* Products */;
			projectDirPath = "";
			projectRoot = "";
			targets = (
				44DAD55E2B7E53D80042073F /* WeatherApp */,
			);
		};
/* End PBXProject section */

/* Begin PBXResourcesBuildPhase section */
		44DAD55D2B7E53D80042073F /* Resources */ = {
			isa = PBXResourcesBuildPhase;
			buildActionMask = 2147483647;
			files = (
				44DAD56F2B7E53E10042073F /* LaunchScreen.storyboard in Resources */,
				44DAD5882B7E61E90042073F /* CustomCellView.xib in Resources */,
				44DAD56C2B7E53E10042073F /* Assets.xcassets in Resources */,
				44DAD58C2B7E65A60042073F /* CityListViewController.xib in Resources */,
			);
			runOnlyForDeploymentPostprocessing = 0;
		};
/* End PBXResourcesBuildPhase section */

/* Begin PBXSourcesBuildPhase section */
		44DAD55B2B7E53D80042073F /* Sources */ = {
			isa = PBXSourcesBuildPhase;
			buildActionMask = 2147483647;
			files = (
				44DAD5872B7E61E90042073F /* CustomCellView.swift in Sources */,
				44DAD58F2B7E679A0042073F /* CityBriefStructure.swift in Sources */,
				44DAD5632B7E53D80042073F /* AppDelegate.swift in Sources */,
				44DAD5652B7E53D80042073F /* SceneDelegate.swift in Sources */,
				44DAD57E2B7E56960042073F /* ColorStructure.swift in Sources */,
				44DAD58B2B7E65A60042073F /* CityListViewController.swift in Sources */,
			);
			runOnlyForDeploymentPostprocessing = 0;
		};
/* End PBXSourcesBuildPhase section */

/* Begin PBXVariantGroup section */
		44DAD56D2B7E53E10042073F /* LaunchScreen.storyboard */ = {
			isa = PBXVariantGroup;
			children = (
				44DAD56E2B7E53E10042073F /* Base */,
			);
			name = LaunchScreen.storyboard;
			sourceTree = "<group>";
		};
/* End PBXVariantGroup section */

/* Begin XCBuildConfiguration section */
		44DAD5712B7E53E10042073F /* Debug */ = {
			isa = XCBuildConfiguration;
			buildSettings = {
				ALWAYS_SEARCH_USER_PATHS = NO;
				ASSETCATALOG_COMPILER_GENERATE_SWIFT_ASSET_SYMBOL_EXTENSIONS = YES;
				CLANG_ANALYZER_NONNULL = YES;
				CLANG_ANALYZER_NUMBER_OBJECT_CONVERSION = YES_AGGRESSIVE;
				CLANG_CXX_LANGUAGE_STANDARD = "gnu++20";
				CLANG_ENABLE_MODULES = YES;
				CLANG_ENABLE_OBJC_ARC = YES;
				CLANG_ENABLE_OBJC_WEAK = YES;
				CLANG_WARN_BLOCK_CAPTURE_AUTORELEASING = YES;
				CLANG_WARN_BOOL_CONVERSION = YES;
				CLANG_WARN_COMMA = YES;
				CLANG_WARN_CONSTANT_CONVERSION = YES;
				CLANG_WARN_DEPRECATED_OBJC_IMPLEMENTATIONS = YES;
				CLANG_WARN_DIRECT_OBJC_ISA_USAGE = YES_ERROR;
				CLANG_WARN_DOCUMENTATION_COMMENTS = YES;
				CLANG_WARN_EMPTY_BODY = YES;
				CLANG_WARN_ENUM_CONVERSION = YES;
				CLANG_WARN_INFINITE_RECURSION = YES;
				CLANG_WARN_INT_CONVERSION = YES;
				CLANG_WARN_NON_LITERAL_NULL_CONVERSION = YES;
				CLANG_WARN_OBJC_IMPLICIT_RETAIN_SELF = YES;
				CLANG_WARN_OBJC_LITERAL_CONVERSION = YES;
				CLANG_WARN_OBJC_ROOT_CLASS = YES_ERROR;
				CLANG_WARN_QUOTED_INCLUDE_IN_FRAMEWORK_HEADER = YES;
				CLANG_WARN_RANGE_LOOP_ANALYSIS = YES;
				CLANG_WARN_STRICT_PROTOTYPES = YES;
				CLANG_WARN_SUSPICIOUS_MOVE = YES;
				CLANG_WARN_UNGUARDED_AVAILABILITY = YES_AGGRESSIVE;
				CLANG_WARN_UNREACHABLE_CODE = YES;
				CLANG_WARN__DUPLICATE_METHOD_MATCH = YES;
				COPY_PHASE_STRIP = NO;
				DEBUG_INFORMATION_FORMAT = dwarf;
				ENABLE_STRICT_OBJC_MSGSEND = YES;
				ENABLE_TESTABILITY = YES;
				ENABLE_USER_SCRIPT_SANDBOXING = YES;
				GCC_C_LANGUAGE_STANDARD = gnu17;
				GCC_DYNAMIC_NO_PIC = NO;
				GCC_NO_COMMON_BLOCKS = YES;
				GCC_OPTIMIZATION_LEVEL = 0;
				GCC_PREPROCESSOR_DEFINITIONS = (
					"DEBUG=1",
					"$(inherited)",
				);
				GCC_WARN_64_TO_32_BIT_CONVERSION = YES;
				GCC_WARN_ABOUT_RETURN_TYPE = YES_ERROR;
				GCC_WARN_UNDECLARED_SELECTOR = YES;
				GCC_WARN_UNINITIALIZED_AUTOS = YES_AGGRESSIVE;
				GCC_WARN_UNUSED_FUNCTION = YES;
				GCC_WARN_UNUSED_VARIABLE = YES;
				IPHONEOS_DEPLOYMENT_TARGET = 17.0;
				LOCALIZATION_PREFERS_STRING_CATALOGS = YES;
				MTL_ENABLE_DEBUG_INFO = INCLUDE_SOURCE;
				MTL_FAST_MATH = YES;
				ONLY_ACTIVE_ARCH = YES;
				SDKROOT = iphoneos;
				SWIFT_ACTIVE_COMPILATION_CONDITIONS = "DEBUG $(inherited)";
				SWIFT_OPTIMIZATION_LEVEL = "-Onone";
			};
			name = Debug;
		};
		44DAD5722B7E53E10042073F /* Release */ = {
			isa = XCBuildConfiguration;
			buildSettings = {
				ALWAYS_SEARCH_USER_PATHS = NO;
				ASSETCATALOG_COMPILER_GENERATE_SWIFT_ASSET_SYMBOL_EXTENSIONS = YES;
				CLANG_ANALYZER_NONNULL = YES;
				CLANG_ANALYZER_NUMBER_OBJECT_CONVERSION = YES_AGGRESSIVE;
				CLANG_CXX_LANGUAGE_STANDARD = "gnu++20";
				CLANG_ENABLE_MODULES = YES;
				CLANG_ENABLE_OBJC_ARC = YES;
				CLANG_ENABLE_OBJC_WEAK = YES;
				CLANG_WARN_BLOCK_CAPTURE_AUTORELEASING = YES;
				CLANG_WARN_BOOL_CONVERSION = YES;
				CLANG_WARN_COMMA = YES;
				CLANG_WARN_CONSTANT_CONVERSION = YES;
				CLANG_WARN_DEPRECATED_OBJC_IMPLEMENTATIONS = YES;
				CLANG_WARN_DIRECT_OBJC_ISA_USAGE = YES_ERROR;
				CLANG_WARN_DOCUMENTATION_COMMENTS = YES;
				CLANG_WARN_EMPTY_BODY = YES;
				CLANG_WARN_ENUM_CONVERSION = YES;
				CLANG_WARN_INFINITE_RECURSION = YES;
				CLANG_WARN_INT_CONVERSION = YES;
				CLANG_WARN_NON_LITERAL_NULL_CONVERSION = YES;
				CLANG_WARN_OBJC_IMPLICIT_RETAIN_SELF = YES;
				CLANG_WARN_OBJC_LITERAL_CONVERSION = YES;
				CLANG_WARN_OBJC_ROOT_CLASS = YES_ERROR;
				CLANG_WARN_QUOTED_INCLUDE_IN_FRAMEWORK_HEADER = YES;
				CLANG_WARN_RANGE_LOOP_ANALYSIS = YES;
				CLANG_WARN_STRICT_PROTOTYPES = YES;
				CLANG_WARN_SUSPICIOUS_MOVE = YES;
				CLANG_WARN_UNGUARDED_AVAILABILITY = YES_AGGRESSIVE;
				CLANG_WARN_UNREACHABLE_CODE = YES;
				CLANG_WARN__DUPLICATE_METHOD_MATCH = YES;
				COPY_PHASE_STRIP = NO;
				DEBUG_INFORMATION_FORMAT = "dwarf-with-dsym";
				ENABLE_NS_ASSERTIONS = NO;
				ENABLE_STRICT_OBJC_MSGSEND = YES;
				ENABLE_USER_SCRIPT_SANDBOXING = YES;
				GCC_C_LANGUAGE_STANDARD = gnu17;
				GCC_NO_COMMON_BLOCKS = YES;
				GCC_WARN_64_TO_32_BIT_CONVERSION = YES;
				GCC_WARN_ABOUT_RETURN_TYPE = YES_ERROR;
				GCC_WARN_UNDECLARED_SELECTOR = YES;
				GCC_WARN_UNINITIALIZED_AUTOS = YES_AGGRESSIVE;
				GCC_WARN_UNUSED_FUNCTION = YES;
				GCC_WARN_UNUSED_VARIABLE = YES;
				IPHONEOS_DEPLOYMENT_TARGET = 17.0;
				LOCALIZATION_PREFERS_STRING_CATALOGS = YES;
				MTL_ENABLE_DEBUG_INFO = NO;
				MTL_FAST_MATH = YES;
				SDKROOT = iphoneos;
				SWIFT_COMPILATION_MODE = wholemodule;
				VALIDATE_PRODUCT = YES;
			};
			name = Release;
		};
		44DAD5742B7E53E10042073F /* Debug */ = {
			isa = XCBuildConfiguration;
			buildSettings = {
				ASSETCATALOG_COMPILER_APPICON_NAME = AppIcon;
				ASSETCATALOG_COMPILER_GLOBAL_ACCENT_COLOR_NAME = AccentColor;
				CODE_SIGN_STYLE = Automatic;
				CURRENT_PROJECT_VERSION = 1;
				GENERATE_INFOPLIST_FILE = YES;
				INFOPLIST_FILE = WeatherApp/Info.plist;
				INFOPLIST_KEY_UIApplicationSupportsIndirectInputEvents = YES;
				INFOPLIST_KEY_UILaunchStoryboardName = LaunchScreen;
				INFOPLIST_KEY_UIMainStoryboardFile = "";
				INFOPLIST_KEY_UISupportedInterfaceOrientations_iPad = "UIInterfaceOrientationPortrait UIInterfaceOrientationPortraitUpsideDown UIInterfaceOrientationLandscapeLeft UIInterfaceOrientationLandscapeRight";
				INFOPLIST_KEY_UISupportedInterfaceOrientations_iPhone = "UIInterfaceOrientationPortrait UIInterfaceOrientationLandscapeLeft UIInterfaceOrientationLandscapeRight";
				LD_RUNPATH_SEARCH_PATHS = (
					"$(inherited)",
					"@executable_path/Frameworks",
				);
				MARKETING_VERSION = 1.0;
				PRODUCT_BUNDLE_IDENTIFIER = self.WeatherApp;
				PRODUCT_NAME = "$(TARGET_NAME)";
				SWIFT_EMIT_LOC_STRINGS = YES;
				SWIFT_VERSION = 5.0;
				TARGETED_DEVICE_FAMILY = "1,2";
			};
			name = Debug;
		};
		44DAD5752B7E53E10042073F /* Release */ = {
			isa = XCBuildConfiguration;
			buildSettings = {
				ASSETCATALOG_COMPILER_APPICON_NAME = AppIcon;
				ASSETCATALOG_COMPILER_GLOBAL_ACCENT_COLOR_NAME = AccentColor;
				CODE_SIGN_STYLE = Automatic;
				CURRENT_PROJECT_VERSION = 1;
				GENERATE_INFOPLIST_FILE = YES;
				INFOPLIST_FILE = WeatherApp/Info.plist;
				INFOPLIST_KEY_UIApplicationSupportsIndirectInputEvents = YES;
				INFOPLIST_KEY_UILaunchStoryboardName = LaunchScreen;
				INFOPLIST_KEY_UIMainStoryboardFile = "";
				INFOPLIST_KEY_UISupportedInterfaceOrientations_iPad = "UIInterfaceOrientationPortrait UIInterfaceOrientationPortraitUpsideDown UIInterfaceOrientationLandscapeLeft UIInterfaceOrientationLandscapeRight";
				INFOPLIST_KEY_UISupportedInterfaceOrientations_iPhone = "UIInterfaceOrientationPortrait UIInterfaceOrientationLandscapeLeft UIInterfaceOrientationLandscapeRight";
				LD_RUNPATH_SEARCH_PATHS = (
					"$(inherited)",
					"@executable_path/Frameworks",
				);
				MARKETING_VERSION = 1.0;
				PRODUCT_BUNDLE_IDENTIFIER = self.WeatherApp;
				PRODUCT_NAME = "$(TARGET_NAME)";
				SWIFT_EMIT_LOC_STRINGS = YES;
				SWIFT_VERSION = 5.0;
				TARGETED_DEVICE_FAMILY = "1,2";
			};
			name = Release;
		};
/* End XCBuildConfiguration section */

/* Begin XCConfigurationList section */
		44DAD55A2B7E53D80042073F /* Build configuration list for PBXProject "WeatherApp" */ = {
			isa = XCConfigurationList;
			buildConfigurations = (
				44DAD5712B7E53E10042073F /* Debug */,
				44DAD5722B7E53E10042073F /* Release */,
			);
			defaultConfigurationIsVisible = 0;
			defaultConfigurationName = Release;
		};
		44DAD5732B7E53E10042073F /* Build configuration list for PBXNativeTarget "WeatherApp" */ = {
			isa = XCConfigurationList;
			buildConfigurations = (
				44DAD5742B7E53E10042073F /* Debug */,
				44DAD5752B7E53E10042073F /* Release */,
			);
			defaultConfigurationIsVisible = 0;
			defaultConfigurationName = Release;
		};
/* End XCConfigurationList section */
	};
	rootObject = 44DAD5572B7E53D80042073F /* Project object */;
}
